// !$*UTF8*$!
{
	archiveVersion = 1;
	classes = {
	};
	objectVersion = 56;
	objects = {

/* Begin PBXBuildFile section */
		E40465AA2B2AA23500A6CBE2 /* SignUpViewController.swift in Sources */ = {isa = PBXBuildFile; fileRef = E40465A92B2AA23500A6CBE2 /* SignUpViewController.swift */; };
		E40465AE2B2ACE9000A6CBE2 /* ProfileViewController.swift in Sources */ = {isa = PBXBuildFile; fileRef = E40465AD2B2ACE9000A6CBE2 /* ProfileViewController.swift */; };
		E449B34B2B2608740079CB31 /* UIColorExtensions.swift in Sources */ = {isa = PBXBuildFile; fileRef = E449B34A2B2608730079CB31 /* UIColorExtensions.swift */; };
		E449B34D2B2651680079CB31 /* MemoryLevel2ViewController.swift in Sources */ = {isa = PBXBuildFile; fileRef = E449B34C2B2651680079CB31 /* MemoryLevel2ViewController.swift */; };
		E44D4A5E2B16C29000DD9195 /* PuzzleViewController.swift in Sources */ = {isa = PBXBuildFile; fileRef = E44D4A5D2B16C29000DD9195 /* PuzzleViewController.swift */; };
		E44D4A602B16C7CD00DD9195 /* PuzzleViewCell.swift in Sources */ = {isa = PBXBuildFile; fileRef = E44D4A5F2B16C7CD00DD9195 /* PuzzleViewCell.swift */; };
		E466E52F2B16C7700061B50B /* MemoryGameViewController.swift in Sources */ = {isa = PBXBuildFile; fileRef = E466E52E2B16C7700061B50B /* MemoryGameViewController.swift */; };
		E473AFFE2B0EAEB000ED886E /* AppDelegate.swift in Sources */ = {isa = PBXBuildFile; fileRef = E473AFFD2B0EAEAF00ED886E /* AppDelegate.swift */; };
		E473B0002B0EAEB000ED886E /* SceneDelegate.swift in Sources */ = {isa = PBXBuildFile; fileRef = E473AFFF2B0EAEB000ED886E /* SceneDelegate.swift */; };
		E473B0022B0EAEB000ED886E /* TableViewController.swift in Sources */ = {isa = PBXBuildFile; fileRef = E473B0012B0EAEB000ED886E /* TableViewController.swift */; };
		E473B0052B0EAEB000ED886E /* Main.storyboard in Resources */ = {isa = PBXBuildFile; fileRef = E473B0032B0EAEB000ED886E /* Main.storyboard */; };
		E473B0072B0EAEB200ED886E /* Assets.xcassets in Resources */ = {isa = PBXBuildFile; fileRef = E473B0062B0EAEB200ED886E /* Assets.xcassets */; };
		E473B00A2B0EAEB200ED886E /* LaunchScreen.storyboard in Resources */ = {isa = PBXBuildFile; fileRef = E473B0082B0EAEB200ED886E /* LaunchScreen.storyboard */; };
		E473B01A2B0EB2FC00ED886E /* CameraViewController.swift in Sources */ = {isa = PBXBuildFile; fileRef = E473B0192B0EB2FC00ED886E /* CameraViewController.swift */; };
		E473B01B2B0EB4CE00ED886E /* Vision.framework in Frameworks */ = {isa = PBXBuildFile; fileRef = E473B0122B0EB03600ED886E /* Vision.framework */; };
		E49422732B265055000CBB11 /* FirebaseAnalytics in Frameworks */ = {isa = PBXBuildFile; productRef = E49422722B265055000CBB11 /* FirebaseAnalytics */; };
		E49422752B265055000CBB11 /* FirebaseAnalyticsOnDeviceConversion in Frameworks */ = {isa = PBXBuildFile; productRef = E49422742B265055000CBB11 /* FirebaseAnalyticsOnDeviceConversion */; };
		E49422772B265055000CBB11 /* FirebaseAnalyticsSwift in Frameworks */ = {isa = PBXBuildFile; productRef = E49422762B265055000CBB11 /* FirebaseAnalyticsSwift */; };
		E49422792B265055000CBB11 /* FirebaseAnalyticsWithoutAdIdSupport in Frameworks */ = {isa = PBXBuildFile; productRef = E49422782B265055000CBB11 /* FirebaseAnalyticsWithoutAdIdSupport */; };
		E494227B2B265055000CBB11 /* FirebaseAppCheck in Frameworks */ = {isa = PBXBuildFile; productRef = E494227A2B265055000CBB11 /* FirebaseAppCheck */; };
		E494227D2B265055000CBB11 /* FirebaseAppDistribution-Beta in Frameworks */ = {isa = PBXBuildFile; productRef = E494227C2B265055000CBB11 /* FirebaseAppDistribution-Beta */; };
		E494227F2B265055000CBB11 /* FirebaseAuth in Frameworks */ = {isa = PBXBuildFile; productRef = E494227E2B265055000CBB11 /* FirebaseAuth */; };
		E49422812B265055000CBB11 /* FirebaseAuthCombine-Community in Frameworks */ = {isa = PBXBuildFile; productRef = E49422802B265055000CBB11 /* FirebaseAuthCombine-Community */; };
		E49422832B265055000CBB11 /* FirebaseCrashlytics in Frameworks */ = {isa = PBXBuildFile; productRef = E49422822B265055000CBB11 /* FirebaseCrashlytics */; };
		E49422852B265055000CBB11 /* FirebaseDatabase in Frameworks */ = {isa = PBXBuildFile; productRef = E49422842B265055000CBB11 /* FirebaseDatabase */; };
		E49422872B265055000CBB11 /* FirebaseDatabaseSwift in Frameworks */ = {isa = PBXBuildFile; productRef = E49422862B265055000CBB11 /* FirebaseDatabaseSwift */; };
		E49422892B265055000CBB11 /* FirebaseDynamicLinks in Frameworks */ = {isa = PBXBuildFile; productRef = E49422882B265055000CBB11 /* FirebaseDynamicLinks */; };
		E494228B2B265055000CBB11 /* FirebaseFirestore in Frameworks */ = {isa = PBXBuildFile; productRef = E494228A2B265055000CBB11 /* FirebaseFirestore */; };
		E494228D2B265055000CBB11 /* FirebaseFirestoreCombine-Community in Frameworks */ = {isa = PBXBuildFile; productRef = E494228C2B265055000CBB11 /* FirebaseFirestoreCombine-Community */; };
		E494228F2B265055000CBB11 /* FirebaseFirestoreSwift in Frameworks */ = {isa = PBXBuildFile; productRef = E494228E2B265055000CBB11 /* FirebaseFirestoreSwift */; };
		E49422912B265055000CBB11 /* FirebaseFunctions in Frameworks */ = {isa = PBXBuildFile; productRef = E49422902B265055000CBB11 /* FirebaseFunctions */; };
		E49422932B265055000CBB11 /* FirebaseFunctionsCombine-Community in Frameworks */ = {isa = PBXBuildFile; productRef = E49422922B265055000CBB11 /* FirebaseFunctionsCombine-Community */; };
		E49422952B265055000CBB11 /* FirebaseInAppMessaging-Beta in Frameworks */ = {isa = PBXBuildFile; productRef = E49422942B265055000CBB11 /* FirebaseInAppMessaging-Beta */; };
		E49422972B265055000CBB11 /* FirebaseInAppMessagingSwift-Beta in Frameworks */ = {isa = PBXBuildFile; productRef = E49422962B265055000CBB11 /* FirebaseInAppMessagingSwift-Beta */; };
		E49422992B265055000CBB11 /* FirebaseInstallations in Frameworks */ = {isa = PBXBuildFile; productRef = E49422982B265055000CBB11 /* FirebaseInstallations */; };
		E494229B2B265055000CBB11 /* FirebaseMLModelDownloader in Frameworks */ = {isa = PBXBuildFile; productRef = E494229A2B265055000CBB11 /* FirebaseMLModelDownloader */; };
		E494229D2B265055000CBB11 /* FirebaseMessaging in Frameworks */ = {isa = PBXBuildFile; productRef = E494229C2B265055000CBB11 /* FirebaseMessaging */; };
		E494229F2B265055000CBB11 /* FirebasePerformance in Frameworks */ = {isa = PBXBuildFile; productRef = E494229E2B265055000CBB11 /* FirebasePerformance */; };
		E49422A12B265055000CBB11 /* FirebaseRemoteConfig in Frameworks */ = {isa = PBXBuildFile; productRef = E49422A02B265055000CBB11 /* FirebaseRemoteConfig */; };
		E49422A32B265055000CBB11 /* FirebaseRemoteConfigSwift in Frameworks */ = {isa = PBXBuildFile; productRef = E49422A22B265055000CBB11 /* FirebaseRemoteConfigSwift */; };
		E49422A52B265055000CBB11 /* FirebaseStorage in Frameworks */ = {isa = PBXBuildFile; productRef = E49422A42B265055000CBB11 /* FirebaseStorage */; };
		E49422A72B265055000CBB11 /* FirebaseStorageCombine-Community in Frameworks */ = {isa = PBXBuildFile; productRef = E49422A62B265055000CBB11 /* FirebaseStorageCombine-Community */; };
		E49422A92B265453000CBB11 /* GoogleService-Info.plist in Resources */ = {isa = PBXBuildFile; fileRef = E49422A82B265453000CBB11 /* GoogleService-Info.plist */; };
		E49422AB2B2655EE000CBB11 /* LoginViewController.swift in Sources */ = {isa = PBXBuildFile; fileRef = E49422AA2B2655EE000CBB11 /* LoginViewController.swift */; };
/* End PBXBuildFile section */

/* Begin PBXFileReference section */
		E40465A92B2AA23500A6CBE2 /* SignUpViewController.swift */ = {isa = PBXFileReference; lastKnownFileType = sourcecode.swift; path = SignUpViewController.swift; sourceTree = "<group>"; };
		E40465AD2B2ACE9000A6CBE2 /* ProfileViewController.swift */ = {isa = PBXFileReference; lastKnownFileType = sourcecode.swift; path = ProfileViewController.swift; sourceTree = "<group>"; };
		E4C7D85E2B293C6300AC3F12 /* AllGamesTableViewController.swift in Sources */ = {isa = PBXBuildFile; fileRef = E4C7D85D2B293C6300AC3F12 /* AllGamesTableViewController.swift */; };
/* End PBXBuildFile section */

/* Begin PBXFileReference section */
		E449B3482B26005D0079CB31 /* GamesTableViewController.swift */ = {isa = PBXFileReference; lastKnownFileType = sourcecode.swift; path = GamesTableViewController.swift; sourceTree = "<group>"; };
		E449B34A2B2608730079CB31 /* UIColorExtensions.swift */ = {isa = PBXFileReference; lastKnownFileType = sourcecode.swift; path = UIColorExtensions.swift; sourceTree = "<group>"; };
		E449B34C2B2651680079CB31 /* MemoryLevel2ViewController.swift */ = {isa = PBXFileReference; lastKnownFileType = sourcecode.swift; path = MemoryLevel2ViewController.swift; sourceTree = "<group>"; };
		E44D4A5D2B16C29000DD9195 /* PuzzleViewController.swift */ = {isa = PBXFileReference; lastKnownFileType = sourcecode.swift; path = PuzzleViewController.swift; sourceTree = "<group>"; };
		E44D4A5F2B16C7CD00DD9195 /* PuzzleViewCell.swift */ = {isa = PBXFileReference; lastKnownFileType = sourcecode.swift; path = PuzzleViewCell.swift; sourceTree = "<group>"; };
		E466E52E2B16C7700061B50B /* MemoryGameViewController.swift */ = {isa = PBXFileReference; lastKnownFileType = sourcecode.swift; path = MemoryGameViewController.swift; sourceTree = "<group>"; };
		E473AFFA2B0EAEAF00ED886E /* FinalProject.app */ = {isa = PBXFileReference; explicitFileType = wrapper.application; includeInIndex = 0; path = FinalProject.app; sourceTree = BUILT_PRODUCTS_DIR; };
		E473AFFD2B0EAEAF00ED886E /* AppDelegate.swift */ = {isa = PBXFileReference; lastKnownFileType = sourcecode.swift; path = AppDelegate.swift; sourceTree = "<group>"; };
		E473AFFF2B0EAEB000ED886E /* SceneDelegate.swift */ = {isa = PBXFileReference; lastKnownFileType = sourcecode.swift; path = SceneDelegate.swift; sourceTree = "<group>"; };
		E473B0012B0EAEB000ED886E /* TableViewController.swift */ = {isa = PBXFileReference; lastKnownFileType = sourcecode.swift; path = TableViewController.swift; sourceTree = "<group>"; };
		E473B0042B0EAEB000ED886E /* Base */ = {isa = PBXFileReference; lastKnownFileType = file.storyboard; name = Base; path = Base.lproj/Main.storyboard; sourceTree = "<group>"; };
		E473B0062B0EAEB200ED886E /* Assets.xcassets */ = {isa = PBXFileReference; lastKnownFileType = folder.assetcatalog; path = Assets.xcassets; sourceTree = "<group>"; };
		E473B0092B0EAEB200ED886E /* Base */ = {isa = PBXFileReference; lastKnownFileType = file.storyboard; name = Base; path = Base.lproj/LaunchScreen.storyboard; sourceTree = "<group>"; };
		E473B00B2B0EAEB200ED886E /* Info.plist */ = {isa = PBXFileReference; lastKnownFileType = text.plist.xml; path = Info.plist; sourceTree = "<group>"; };
		E473B0122B0EB03600ED886E /* Vision.framework */ = {isa = PBXFileReference; lastKnownFileType = wrapper.framework; name = Vision.framework; path = System/Library/Frameworks/Vision.framework; sourceTree = SDKROOT; };
		E473B0192B0EB2FC00ED886E /* CameraViewController.swift */ = {isa = PBXFileReference; lastKnownFileType = sourcecode.swift; path = CameraViewController.swift; sourceTree = "<group>"; };
		E49422A82B265453000CBB11 /* GoogleService-Info.plist */ = {isa = PBXFileReference; fileEncoding = 4; lastKnownFileType = text.plist.xml; path = "GoogleService-Info.plist"; sourceTree = "<group>"; };
		E49422AA2B2655EE000CBB11 /* LoginViewController.swift */ = {isa = PBXFileReference; lastKnownFileType = sourcecode.swift; path = LoginViewController.swift; sourceTree = "<group>"; };
		E49422AC2B26570C000CBB11 /* SignUpViewController.swift */ = {isa = PBXFileReference; lastKnownFileType = sourcecode.swift; path = SignUpViewController.swift; sourceTree = "<group>"; };
		E4C7D85D2B293C6300AC3F12 /* AllGamesTableViewController.swift */ = {isa = PBXFileReference; lastKnownFileType = sourcecode.swift; path = AllGamesTableViewController.swift; sourceTree = "<group>"; };
/* End PBXFileReference section */

/* Begin PBXFrameworksBuildPhase section */
		E473AFF72B0EAEAF00ED886E /* Frameworks */ = {
			isa = PBXFrameworksBuildPhase;
			buildActionMask = 2147483647;
			files = (
				E49422912B265055000CBB11 /* FirebaseFunctions in Frameworks */,
				E49422872B265055000CBB11 /* FirebaseDatabaseSwift in Frameworks */,
				E49422972B265055000CBB11 /* FirebaseInAppMessagingSwift-Beta in Frameworks */,
				E494229D2B265055000CBB11 /* FirebaseMessaging in Frameworks */,
				E494227D2B265055000CBB11 /* FirebaseAppDistribution-Beta in Frameworks */,
				E49422812B265055000CBB11 /* FirebaseAuthCombine-Community in Frameworks */,
				E494228D2B265055000CBB11 /* FirebaseFirestoreCombine-Community in Frameworks */,
				E49422772B265055000CBB11 /* FirebaseAnalyticsSwift in Frameworks */,
				E494229B2B265055000CBB11 /* FirebaseMLModelDownloader in Frameworks */,
				E49422792B265055000CBB11 /* FirebaseAnalyticsWithoutAdIdSupport in Frameworks */,
				E49422732B265055000CBB11 /* FirebaseAnalytics in Frameworks */,
				E494228F2B265055000CBB11 /* FirebaseFirestoreSwift in Frameworks */,
				E49422752B265055000CBB11 /* FirebaseAnalyticsOnDeviceConversion in Frameworks */,
				E494227B2B265055000CBB11 /* FirebaseAppCheck in Frameworks */,
				E494229F2B265055000CBB11 /* FirebasePerformance in Frameworks */,
				E49422952B265055000CBB11 /* FirebaseInAppMessaging-Beta in Frameworks */,
				E49422932B265055000CBB11 /* FirebaseFunctionsCombine-Community in Frameworks */,
				E49422832B265055000CBB11 /* FirebaseCrashlytics in Frameworks */,
				E49422992B265055000CBB11 /* FirebaseInstallations in Frameworks */,
				E49422A12B265055000CBB11 /* FirebaseRemoteConfig in Frameworks */,
				E49422A52B265055000CBB11 /* FirebaseStorage in Frameworks */,
				E49422852B265055000CBB11 /* FirebaseDatabase in Frameworks */,
				E49422A72B265055000CBB11 /* FirebaseStorageCombine-Community in Frameworks */,
				E473B01B2B0EB4CE00ED886E /* Vision.framework in Frameworks */,
				E494227F2B265055000CBB11 /* FirebaseAuth in Frameworks */,
				E49422892B265055000CBB11 /* FirebaseDynamicLinks in Frameworks */,
				E494228B2B265055000CBB11 /* FirebaseFirestore in Frameworks */,
				E49422A32B265055000CBB11 /* FirebaseRemoteConfigSwift in Frameworks */,
			);
			runOnlyForDeploymentPostprocessing = 0;
		};
/* End PBXFrameworksBuildPhase section */

/* Begin PBXGroup section */
		E473AFF12B0EAEAF00ED886E = {
			isa = PBXGroup;
			children = (
				E473AFFC2B0EAEAF00ED886E /* FinalProject */,
				E473AFFB2B0EAEAF00ED886E /* Products */,
				E473B0112B0EB03600ED886E /* Frameworks */,
			);
			sourceTree = "<group>";
		};
		E473AFFB2B0EAEAF00ED886E /* Products */ = {
			isa = PBXGroup;
			children = (
				E473AFFA2B0EAEAF00ED886E /* FinalProject.app */,
			);
			name = Products;
			sourceTree = "<group>";
		};
		E473AFFC2B0EAEAF00ED886E /* FinalProject */ = {
			isa = PBXGroup;
			children = (
				E473AFFD2B0EAEAF00ED886E /* AppDelegate.swift */,
				E473AFFF2B0EAEB000ED886E /* SceneDelegate.swift */,
				E473B0012B0EAEB000ED886E /* TableViewController.swift */,
				E473B0032B0EAEB000ED886E /* Main.storyboard */,
				E40465A92B2AA23500A6CBE2 /* SignUpViewController.swift */,
				E49422AA2B2655EE000CBB11 /* LoginViewController.swift */,
				E44D4A5F2B16C7CD00DD9195 /* PuzzleViewCell.swift */,
				E44D4A5D2B16C29000DD9195 /* PuzzleViewController.swift */,
				E473B0062B0EAEB200ED886E /* Assets.xcassets */,
				E473B0082B0EAEB200ED886E /* LaunchScreen.storyboard */,
				E473B00B2B0EAEB200ED886E /* Info.plist */,
				E49422A82B265453000CBB11 /* GoogleService-Info.plist */,
				E473B0192B0EB2FC00ED886E /* CameraViewController.swift */,
				E40465AD2B2ACE9000A6CBE2 /* ProfileViewController.swift */,
				E466E52E2B16C7700061B50B /* MemoryGameViewController.swift */,
				E449B3482B26005D0079CB31 /* GamesTableViewController.swift */,
				E449B34A2B2608730079CB31 /* UIColorExtensions.swift */,
				E449B34C2B2651680079CB31 /* MemoryLevel2ViewController.swift */,
				E4C7D85D2B293C6300AC3F12 /* AllGamesTableViewController.swift */,
			);
			path = FinalProject;
			sourceTree = "<group>";
		};
		E473B0112B0EB03600ED886E /* Frameworks */ = {
			isa = PBXGroup;
			children = (
				E473B0122B0EB03600ED886E /* Vision.framework */,
			);
			name = Frameworks;
			sourceTree = "<group>";
		};
/* End PBXGroup section */

/* Begin PBXNativeTarget section */
		E473AFF92B0EAEAF00ED886E /* FinalProject */ = {
			isa = PBXNativeTarget;
			buildConfigurationList = E473B00E2B0EAEB200ED886E /* Build configuration list for PBXNativeTarget "FinalProject" */;
			buildPhases = (
				E473AFF62B0EAEAF00ED886E /* Sources */,
				E473AFF72B0EAEAF00ED886E /* Frameworks */,
				E473AFF82B0EAEAF00ED886E /* Resources */,
			);
			buildRules = (
			);
			dependencies = (
			);
			name = FinalProject;
			packageProductDependencies = (
				E49422722B265055000CBB11 /* FirebaseAnalytics */,
				E49422742B265055000CBB11 /* FirebaseAnalyticsOnDeviceConversion */,
				E49422762B265055000CBB11 /* FirebaseAnalyticsSwift */,
				E49422782B265055000CBB11 /* FirebaseAnalyticsWithoutAdIdSupport */,
				E494227A2B265055000CBB11 /* FirebaseAppCheck */,
				E494227C2B265055000CBB11 /* FirebaseAppDistribution-Beta */,
				E494227E2B265055000CBB11 /* FirebaseAuth */,
				E49422802B265055000CBB11 /* FirebaseAuthCombine-Community */,
				E49422822B265055000CBB11 /* FirebaseCrashlytics */,
				E49422842B265055000CBB11 /* FirebaseDatabase */,
				E49422862B265055000CBB11 /* FirebaseDatabaseSwift */,
				E49422882B265055000CBB11 /* FirebaseDynamicLinks */,
				E494228A2B265055000CBB11 /* FirebaseFirestore */,
				E494228C2B265055000CBB11 /* FirebaseFirestoreCombine-Community */,
				E494228E2B265055000CBB11 /* FirebaseFirestoreSwift */,
				E49422902B265055000CBB11 /* FirebaseFunctions */,
				E49422922B265055000CBB11 /* FirebaseFunctionsCombine-Community */,
				E49422942B265055000CBB11 /* FirebaseInAppMessaging-Beta */,
				E49422962B265055000CBB11 /* FirebaseInAppMessagingSwift-Beta */,
				E49422982B265055000CBB11 /* FirebaseInstallations */,
				E494229A2B265055000CBB11 /* FirebaseMLModelDownloader */,
				E494229C2B265055000CBB11 /* FirebaseMessaging */,
				E494229E2B265055000CBB11 /* FirebasePerformance */,
				E49422A02B265055000CBB11 /* FirebaseRemoteConfig */,
				E49422A22B265055000CBB11 /* FirebaseRemoteConfigSwift */,
				E49422A42B265055000CBB11 /* FirebaseStorage */,
				E49422A62B265055000CBB11 /* FirebaseStorageCombine-Community */,
			);
			productName = FinalProject;
			productReference = E473AFFA2B0EAEAF00ED886E /* FinalProject.app */;
			productType = "com.apple.product-type.application";
		};
/* End PBXNativeTarget section */

/* Begin PBXProject section */
		E473AFF22B0EAEAF00ED886E /* Project object */ = {
			isa = PBXProject;
			attributes = {
				BuildIndependentTargetsInParallel = 1;
				LastSwiftUpdateCheck = 1500;
				LastUpgradeCheck = 1500;
				TargetAttributes = {
					E473AFF92B0EAEAF00ED886E = {
						CreatedOnToolsVersion = 15.0.1;
					};
				};
			};
			buildConfigurationList = E473AFF52B0EAEAF00ED886E /* Build configuration list for PBXProject "FinalProject" */;
			compatibilityVersion = "Xcode 14.0";
			developmentRegion = en;
			hasScannedForEncodings = 0;
			knownRegions = (
				en,
				Base,
			);
			mainGroup = E473AFF12B0EAEAF00ED886E;
			packageReferences = (
				E49422712B265055000CBB11 /* XCRemoteSwiftPackageReference "firebase-ios-sdk" */,
			);
			productRefGroup = E473AFFB2B0EAEAF00ED886E /* Products */;
			projectDirPath = "";
			projectRoot = "";
			targets = (
				E473AFF92B0EAEAF00ED886E /* FinalProject */,
			);
		};
/* End PBXProject section */

/* Begin PBXResourcesBuildPhase section */
		E473AFF82B0EAEAF00ED886E /* Resources */ = {
			isa = PBXResourcesBuildPhase;
			buildActionMask = 2147483647;
			files = (
				E473B00A2B0EAEB200ED886E /* LaunchScreen.storyboard in Resources */,
				E49422A92B265453000CBB11 /* GoogleService-Info.plist in Resources */,
				E473B0072B0EAEB200ED886E /* Assets.xcassets in Resources */,
				E473B0052B0EAEB000ED886E /* Main.storyboard in Resources */,
			);
			runOnlyForDeploymentPostprocessing = 0;
		};
/* End PBXResourcesBuildPhase section */

/* Begin PBXSourcesBuildPhase section */
		E473AFF62B0EAEAF00ED886E /* Sources */ = {
			isa = PBXSourcesBuildPhase;
			buildActionMask = 2147483647;
			files = (
				E44D4A5E2B16C29000DD9195 /* PuzzleViewController.swift in Sources */,
				E449B34B2B2608740079CB31 /* UIColorExtensions.swift in Sources */,
				E44D4A5E2B16C29000DD9195 /* PuzzleViewController.swift in Sources */,
				E449B34D2B2651680079CB31 /* MemoryLevel2ViewController.swift in Sources */,
				E40465AE2B2ACE9000A6CBE2 /* ProfileViewController.swift in Sources */,
				E4C7D85E2B293C6300AC3F12 /* AllGamesTableViewController.swift in Sources */,
				E44D4A5E2B16C29000DD9195 /* PuzzleViewController.swift in Sources */,
				E449B34D2B2651680079CB31 /* MemoryLevel2ViewController.swift in Sources */,
				E473B0022B0EAEB000ED886E /* TableViewController.swift in Sources */,
				E44D4A602B16C7CD00DD9195 /* PuzzleViewCell.swift in Sources */,
				E44D4A602B16C7CD00DD9195 /* PuzzleViewCell.swift in Sources */,
				E473B01A2B0EB2FC00ED886E /* CameraViewController.swift in Sources */,
				E49422AB2B2655EE000CBB11 /* LoginViewController.swift in Sources */,
				E473AFFE2B0EAEB000ED886E /* AppDelegate.swift in Sources */,
				E473B0002B0EAEB000ED886E /* SceneDelegate.swift in Sources */,
				E40465AA2B2AA23500A6CBE2 /* SignUpViewController.swift in Sources */,
				E466E52F2B16C7700061B50B /* MemoryGameViewController.swift in Sources */,
			);
			runOnlyForDeploymentPostprocessing = 0;
		};
/* End PBXSourcesBuildPhase section */

/* Begin PBXVariantGroup section */
		E473B0032B0EAEB000ED886E /* Main.storyboard */ = {
			isa = PBXVariantGroup;
			children = (
				E473B0042B0EAEB000ED886E /* Base */,
			);
			name = Main.storyboard;
			sourceTree = "<group>";
		};
		E473B0082B0EAEB200ED886E /* LaunchScreen.storyboard */ = {
			isa = PBXVariantGroup;
			children = (
				E473B0092B0EAEB200ED886E /* Base */,
			);
			name = LaunchScreen.storyboard;
			sourceTree = "<group>";
		};
/* End PBXVariantGroup section */

/* Begin XCBuildConfiguration section */
		E473B00C2B0EAEB200ED886E /* Debug */ = {
			isa = XCBuildConfiguration;
			buildSettings = {
				ALWAYS_SEARCH_USER_PATHS = NO;
				ASSETCATALOG_COMPILER_GENERATE_SWIFT_ASSET_SYMBOL_EXTENSIONS = YES;
				CLANG_ANALYZER_NONNULL = YES;
				CLANG_ANALYZER_NUMBER_OBJECT_CONVERSION = YES_AGGRESSIVE;
				CLANG_CXX_LANGUAGE_STANDARD = "gnu++20";
				CLANG_ENABLE_MODULES = YES;
				CLANG_ENABLE_OBJC_ARC = YES;
				CLANG_ENABLE_OBJC_WEAK = YES;
				CLANG_WARN_BLOCK_CAPTURE_AUTORELEASING = YES;
				CLANG_WARN_BOOL_CONVERSION = YES;
				CLANG_WARN_COMMA = YES;
				CLANG_WARN_CONSTANT_CONVERSION = YES;
				CLANG_WARN_DEPRECATED_OBJC_IMPLEMENTATIONS = YES;
				CLANG_WARN_DIRECT_OBJC_ISA_USAGE = YES_ERROR;
				CLANG_WARN_DOCUMENTATION_COMMENTS = YES;
				CLANG_WARN_EMPTY_BODY = YES;
				CLANG_WARN_ENUM_CONVERSION = YES;
				CLANG_WARN_INFINITE_RECURSION = YES;
				CLANG_WARN_INT_CONVERSION = YES;
				CLANG_WARN_NON_LITERAL_NULL_CONVERSION = YES;
				CLANG_WARN_OBJC_IMPLICIT_RETAIN_SELF = YES;
				CLANG_WARN_OBJC_LITERAL_CONVERSION = YES;
				CLANG_WARN_OBJC_ROOT_CLASS = YES_ERROR;
				CLANG_WARN_QUOTED_INCLUDE_IN_FRAMEWORK_HEADER = YES;
				CLANG_WARN_RANGE_LOOP_ANALYSIS = YES;
				CLANG_WARN_STRICT_PROTOTYPES = YES;
				CLANG_WARN_SUSPICIOUS_MOVE = YES;
				CLANG_WARN_UNGUARDED_AVAILABILITY = YES_AGGRESSIVE;
				CLANG_WARN_UNREACHABLE_CODE = YES;
				CLANG_WARN__DUPLICATE_METHOD_MATCH = YES;
				COPY_PHASE_STRIP = NO;
				DEBUG_INFORMATION_FORMAT = dwarf;
				ENABLE_STRICT_OBJC_MSGSEND = YES;
				ENABLE_TESTABILITY = YES;
				ENABLE_USER_SCRIPT_SANDBOXING = YES;
				GCC_C_LANGUAGE_STANDARD = gnu17;
				GCC_DYNAMIC_NO_PIC = NO;
				GCC_NO_COMMON_BLOCKS = YES;
				GCC_OPTIMIZATION_LEVEL = 0;
				GCC_PREPROCESSOR_DEFINITIONS = (
					"DEBUG=1",
					"$(inherited)",
				);
				GCC_WARN_64_TO_32_BIT_CONVERSION = YES;
				GCC_WARN_ABOUT_RETURN_TYPE = YES_ERROR;
				GCC_WARN_UNDECLARED_SELECTOR = YES;
				GCC_WARN_UNINITIALIZED_AUTOS = YES_AGGRESSIVE;
				GCC_WARN_UNUSED_FUNCTION = YES;
				GCC_WARN_UNUSED_VARIABLE = YES;
				IPHONEOS_DEPLOYMENT_TARGET = 17.0;
				LOCALIZATION_PREFERS_STRING_CATALOGS = YES;
				MTL_ENABLE_DEBUG_INFO = INCLUDE_SOURCE;
				MTL_FAST_MATH = YES;
				ONLY_ACTIVE_ARCH = YES;
				SDKROOT = iphoneos;
				SWIFT_ACTIVE_COMPILATION_CONDITIONS = "DEBUG $(inherited)";
				SWIFT_OPTIMIZATION_LEVEL = "-Onone";
			};
			name = Debug;
		};
		E473B00D2B0EAEB200ED886E /* Release */ = {
			isa = XCBuildConfiguration;
			buildSettings = {
				ALWAYS_SEARCH_USER_PATHS = NO;
				ASSETCATALOG_COMPILER_GENERATE_SWIFT_ASSET_SYMBOL_EXTENSIONS = YES;
				CLANG_ANALYZER_NONNULL = YES;
				CLANG_ANALYZER_NUMBER_OBJECT_CONVERSION = YES_AGGRESSIVE;
				CLANG_CXX_LANGUAGE_STANDARD = "gnu++20";
				CLANG_ENABLE_MODULES = YES;
				CLANG_ENABLE_OBJC_ARC = YES;
				CLANG_ENABLE_OBJC_WEAK = YES;
				CLANG_WARN_BLOCK_CAPTURE_AUTORELEASING = YES;
				CLANG_WARN_BOOL_CONVERSION = YES;
				CLANG_WARN_COMMA = YES;
				CLANG_WARN_CONSTANT_CONVERSION = YES;
				CLANG_WARN_DEPRECATED_OBJC_IMPLEMENTATIONS = YES;
				CLANG_WARN_DIRECT_OBJC_ISA_USAGE = YES_ERROR;
				CLANG_WARN_DOCUMENTATION_COMMENTS = YES;
				CLANG_WARN_EMPTY_BODY = YES;
				CLANG_WARN_ENUM_CONVERSION = YES;
				CLANG_WARN_INFINITE_RECURSION = YES;
				CLANG_WARN_INT_CONVERSION = YES;
				CLANG_WARN_NON_LITERAL_NULL_CONVERSION = YES;
				CLANG_WARN_OBJC_IMPLICIT_RETAIN_SELF = YES;
				CLANG_WARN_OBJC_LITERAL_CONVERSION = YES;
				CLANG_WARN_OBJC_ROOT_CLASS = YES_ERROR;
				CLANG_WARN_QUOTED_INCLUDE_IN_FRAMEWORK_HEADER = YES;
				CLANG_WARN_RANGE_LOOP_ANALYSIS = YES;
				CLANG_WARN_STRICT_PROTOTYPES = YES;
				CLANG_WARN_SUSPICIOUS_MOVE = YES;
				CLANG_WARN_UNGUARDED_AVAILABILITY = YES_AGGRESSIVE;
				CLANG_WARN_UNREACHABLE_CODE = YES;
				CLANG_WARN__DUPLICATE_METHOD_MATCH = YES;
				COPY_PHASE_STRIP = NO;
				DEBUG_INFORMATION_FORMAT = "dwarf-with-dsym";
				ENABLE_NS_ASSERTIONS = NO;
				ENABLE_STRICT_OBJC_MSGSEND = YES;
				ENABLE_USER_SCRIPT_SANDBOXING = YES;
				GCC_C_LANGUAGE_STANDARD = gnu17;
				GCC_NO_COMMON_BLOCKS = YES;
				GCC_WARN_64_TO_32_BIT_CONVERSION = YES;
				GCC_WARN_ABOUT_RETURN_TYPE = YES_ERROR;
				GCC_WARN_UNDECLARED_SELECTOR = YES;
				GCC_WARN_UNINITIALIZED_AUTOS = YES_AGGRESSIVE;
				GCC_WARN_UNUSED_FUNCTION = YES;
				GCC_WARN_UNUSED_VARIABLE = YES;
				IPHONEOS_DEPLOYMENT_TARGET = 17.0;
				LOCALIZATION_PREFERS_STRING_CATALOGS = YES;
				MTL_ENABLE_DEBUG_INFO = NO;
				MTL_FAST_MATH = YES;
				SDKROOT = iphoneos;
				SWIFT_COMPILATION_MODE = wholemodule;
				VALIDATE_PRODUCT = YES;
			};
			name = Release;
		};
		E473B00F2B0EAEB200ED886E /* Debug */ = {
			isa = XCBuildConfiguration;
			buildSettings = {
				ASSETCATALOG_COMPILER_APPICON_NAME = AppIcon;
				ASSETCATALOG_COMPILER_GLOBAL_ACCENT_COLOR_NAME = AccentColor;
				CODE_SIGN_STYLE = Automatic;
				CURRENT_PROJECT_VERSION = 1;
				DEVELOPMENT_TEAM = 5G2Y625L8M;
				GENERATE_INFOPLIST_FILE = YES;
				INFOPLIST_FILE = FinalProject/Info.plist;
				INFOPLIST_KEY_UIApplicationSupportsIndirectInputEvents = YES;
				INFOPLIST_KEY_UILaunchStoryboardName = LaunchScreen;
				INFOPLIST_KEY_UIMainStoryboardFile = Main;
				INFOPLIST_KEY_UISupportedInterfaceOrientations_iPad = "UIInterfaceOrientationPortrait UIInterfaceOrientationPortraitUpsideDown UIInterfaceOrientationLandscapeLeft UIInterfaceOrientationLandscapeRight";
				INFOPLIST_KEY_UISupportedInterfaceOrientations_iPhone = "UIInterfaceOrientationPortrait UIInterfaceOrientationLandscapeLeft UIInterfaceOrientationLandscapeRight";
				LD_RUNPATH_SEARCH_PATHS = (
					"$(inherited)",
					"@executable_path/Frameworks",
				);
				MARKETING_VERSION = 1.0;
				PRODUCT_BUNDLE_IDENTIFIER = Smartphone.FinalProjectNikethana;
				PRODUCT_NAME = "$(TARGET_NAME)";
				SWIFT_EMIT_LOC_STRINGS = YES;
				SWIFT_VERSION = 5.0;
				TARGETED_DEVICE_FAMILY = "1,2";
			};
			name = Debug;
		};
		E473B0102B0EAEB200ED886E /* Release */ = {
			isa = XCBuildConfiguration;
			buildSettings = {
				ASSETCATALOG_COMPILER_APPICON_NAME = AppIcon;
				ASSETCATALOG_COMPILER_GLOBAL_ACCENT_COLOR_NAME = AccentColor;
				CODE_SIGN_STYLE = Automatic;
				CURRENT_PROJECT_VERSION = 1;
				DEVELOPMENT_TEAM = 5G2Y625L8M;
				GENERATE_INFOPLIST_FILE = YES;
				INFOPLIST_FILE = FinalProject/Info.plist;
				INFOPLIST_KEY_UIApplicationSupportsIndirectInputEvents = YES;
				INFOPLIST_KEY_UILaunchStoryboardName = LaunchScreen;
				INFOPLIST_KEY_UIMainStoryboardFile = Main;
				INFOPLIST_KEY_UISupportedInterfaceOrientations_iPad = "UIInterfaceOrientationPortrait UIInterfaceOrientationPortraitUpsideDown UIInterfaceOrientationLandscapeLeft UIInterfaceOrientationLandscapeRight";
				INFOPLIST_KEY_UISupportedInterfaceOrientations_iPhone = "UIInterfaceOrientationPortrait UIInterfaceOrientationLandscapeLeft UIInterfaceOrientationLandscapeRight";
				LD_RUNPATH_SEARCH_PATHS = (
					"$(inherited)",
					"@executable_path/Frameworks",
				);
				MARKETING_VERSION = 1.0;
				PRODUCT_BUNDLE_IDENTIFIER = Smartphone.FinalProjectNikethana;
				PRODUCT_NAME = "$(TARGET_NAME)";
				SWIFT_EMIT_LOC_STRINGS = YES;
				SWIFT_VERSION = 5.0;
				TARGETED_DEVICE_FAMILY = "1,2";
			};
			name = Release;
		};
/* End XCBuildConfiguration section */

/* Begin XCConfigurationList section */
		E473AFF52B0EAEAF00ED886E /* Build configuration list for PBXProject "FinalProject" */ = {
			isa = XCConfigurationList;
			buildConfigurations = (
				E473B00C2B0EAEB200ED886E /* Debug */,
				E473B00D2B0EAEB200ED886E /* Release */,
			);
			defaultConfigurationIsVisible = 0;
			defaultConfigurationName = Release;
		};
		E473B00E2B0EAEB200ED886E /* Build configuration list for PBXNativeTarget "FinalProject" */ = {
			isa = XCConfigurationList;
			buildConfigurations = (
				E473B00F2B0EAEB200ED886E /* Debug */,
				E473B0102B0EAEB200ED886E /* Release */,
			);
			defaultConfigurationIsVisible = 0;
			defaultConfigurationName = Release;
		};
/* End XCConfigurationList section */

/* Begin XCRemoteSwiftPackageReference section */
		E49422712B265055000CBB11 /* XCRemoteSwiftPackageReference "firebase-ios-sdk" */ = {
			isa = XCRemoteSwiftPackageReference;
			repositoryURL = "https://github.com/firebase/firebase-ios-sdk.git";
			requirement = {
				kind = upToNextMajorVersion;
				minimumVersion = 10.19.0;
			};
		};
/* End XCRemoteSwiftPackageReference section */

/* Begin XCSwiftPackageProductDependency section */
		E49422722B265055000CBB11 /* FirebaseAnalytics */ = {
			isa = XCSwiftPackageProductDependency;
			package = E49422712B265055000CBB11 /* XCRemoteSwiftPackageReference "firebase-ios-sdk" */;
			productName = FirebaseAnalytics;
		};
		E49422742B265055000CBB11 /* FirebaseAnalyticsOnDeviceConversion */ = {
			isa = XCSwiftPackageProductDependency;
			package = E49422712B265055000CBB11 /* XCRemoteSwiftPackageReference "firebase-ios-sdk" */;
			productName = FirebaseAnalyticsOnDeviceConversion;
		};
		E49422762B265055000CBB11 /* FirebaseAnalyticsSwift */ = {
			isa = XCSwiftPackageProductDependency;
			package = E49422712B265055000CBB11 /* XCRemoteSwiftPackageReference "firebase-ios-sdk" */;
			productName = FirebaseAnalyticsSwift;
		};
		E49422782B265055000CBB11 /* FirebaseAnalyticsWithoutAdIdSupport */ = {
			isa = XCSwiftPackageProductDependency;
			package = E49422712B265055000CBB11 /* XCRemoteSwiftPackageReference "firebase-ios-sdk" */;
			productName = FirebaseAnalyticsWithoutAdIdSupport;
		};
		E494227A2B265055000CBB11 /* FirebaseAppCheck */ = {
			isa = XCSwiftPackageProductDependency;
			package = E49422712B265055000CBB11 /* XCRemoteSwiftPackageReference "firebase-ios-sdk" */;
			productName = FirebaseAppCheck;
		};
		E494227C2B265055000CBB11 /* FirebaseAppDistribution-Beta */ = {
			isa = XCSwiftPackageProductDependency;
			package = E49422712B265055000CBB11 /* XCRemoteSwiftPackageReference "firebase-ios-sdk" */;
			productName = "FirebaseAppDistribution-Beta";
		};
		E494227E2B265055000CBB11 /* FirebaseAuth */ = {
			isa = XCSwiftPackageProductDependency;
			package = E49422712B265055000CBB11 /* XCRemoteSwiftPackageReference "firebase-ios-sdk" */;
			productName = FirebaseAuth;
		};
		E49422802B265055000CBB11 /* FirebaseAuthCombine-Community */ = {
			isa = XCSwiftPackageProductDependency;
			package = E49422712B265055000CBB11 /* XCRemoteSwiftPackageReference "firebase-ios-sdk" */;
			productName = "FirebaseAuthCombine-Community";
		};
		E49422822B265055000CBB11 /* FirebaseCrashlytics */ = {
			isa = XCSwiftPackageProductDependency;
			package = E49422712B265055000CBB11 /* XCRemoteSwiftPackageReference "firebase-ios-sdk" */;
			productName = FirebaseCrashlytics;
		};
		E49422842B265055000CBB11 /* FirebaseDatabase */ = {
			isa = XCSwiftPackageProductDependency;
			package = E49422712B265055000CBB11 /* XCRemoteSwiftPackageReference "firebase-ios-sdk" */;
			productName = FirebaseDatabase;
		};
		E49422862B265055000CBB11 /* FirebaseDatabaseSwift */ = {
			isa = XCSwiftPackageProductDependency;
			package = E49422712B265055000CBB11 /* XCRemoteSwiftPackageReference "firebase-ios-sdk" */;
			productName = FirebaseDatabaseSwift;
		};
		E49422882B265055000CBB11 /* FirebaseDynamicLinks */ = {
			isa = XCSwiftPackageProductDependency;
			package = E49422712B265055000CBB11 /* XCRemoteSwiftPackageReference "firebase-ios-sdk" */;
			productName = FirebaseDynamicLinks;
		};
		E494228A2B265055000CBB11 /* FirebaseFirestore */ = {
			isa = XCSwiftPackageProductDependency;
			package = E49422712B265055000CBB11 /* XCRemoteSwiftPackageReference "firebase-ios-sdk" */;
			productName = FirebaseFirestore;
		};
		E494228C2B265055000CBB11 /* FirebaseFirestoreCombine-Community */ = {
			isa = XCSwiftPackageProductDependency;
			package = E49422712B265055000CBB11 /* XCRemoteSwiftPackageReference "firebase-ios-sdk" */;
			productName = "FirebaseFirestoreCombine-Community";
		};
		E494228E2B265055000CBB11 /* FirebaseFirestoreSwift */ = {
			isa = XCSwiftPackageProductDependency;
			package = E49422712B265055000CBB11 /* XCRemoteSwiftPackageReference "firebase-ios-sdk" */;
			productName = FirebaseFirestoreSwift;
		};
		E49422902B265055000CBB11 /* FirebaseFunctions */ = {
			isa = XCSwiftPackageProductDependency;
			package = E49422712B265055000CBB11 /* XCRemoteSwiftPackageReference "firebase-ios-sdk" */;
			productName = FirebaseFunctions;
		};
		E49422922B265055000CBB11 /* FirebaseFunctionsCombine-Community */ = {
			isa = XCSwiftPackageProductDependency;
			package = E49422712B265055000CBB11 /* XCRemoteSwiftPackageReference "firebase-ios-sdk" */;
			productName = "FirebaseFunctionsCombine-Community";
		};
		E49422942B265055000CBB11 /* FirebaseInAppMessaging-Beta */ = {
			isa = XCSwiftPackageProductDependency;
			package = E49422712B265055000CBB11 /* XCRemoteSwiftPackageReference "firebase-ios-sdk" */;
			productName = "FirebaseInAppMessaging-Beta";
		};
		E49422962B265055000CBB11 /* FirebaseInAppMessagingSwift-Beta */ = {
			isa = XCSwiftPackageProductDependency;
			package = E49422712B265055000CBB11 /* XCRemoteSwiftPackageReference "firebase-ios-sdk" */;
			productName = "FirebaseInAppMessagingSwift-Beta";
		};
		E49422982B265055000CBB11 /* FirebaseInstallations */ = {
			isa = XCSwiftPackageProductDependency;
			package = E49422712B265055000CBB11 /* XCRemoteSwiftPackageReference "firebase-ios-sdk" */;
			productName = FirebaseInstallations;
		};
		E494229A2B265055000CBB11 /* FirebaseMLModelDownloader */ = {
			isa = XCSwiftPackageProductDependency;
			package = E49422712B265055000CBB11 /* XCRemoteSwiftPackageReference "firebase-ios-sdk" */;
			productName = FirebaseMLModelDownloader;
		};
		E494229C2B265055000CBB11 /* FirebaseMessaging */ = {
			isa = XCSwiftPackageProductDependency;
			package = E49422712B265055000CBB11 /* XCRemoteSwiftPackageReference "firebase-ios-sdk" */;
			productName = FirebaseMessaging;
		};
		E494229E2B265055000CBB11 /* FirebasePerformance */ = {
			isa = XCSwiftPackageProductDependency;
			package = E49422712B265055000CBB11 /* XCRemoteSwiftPackageReference "firebase-ios-sdk" */;
			productName = FirebasePerformance;
		};
		E49422A02B265055000CBB11 /* FirebaseRemoteConfig */ = {
			isa = XCSwiftPackageProductDependency;
			package = E49422712B265055000CBB11 /* XCRemoteSwiftPackageReference "firebase-ios-sdk" */;
			productName = FirebaseRemoteConfig;
		};
		E49422A22B265055000CBB11 /* FirebaseRemoteConfigSwift */ = {
			isa = XCSwiftPackageProductDependency;
			package = E49422712B265055000CBB11 /* XCRemoteSwiftPackageReference "firebase-ios-sdk" */;
			productName = FirebaseRemoteConfigSwift;
		};
		E49422A42B265055000CBB11 /* FirebaseStorage */ = {
			isa = XCSwiftPackageProductDependency;
			package = E49422712B265055000CBB11 /* XCRemoteSwiftPackageReference "firebase-ios-sdk" */;
			productName = FirebaseStorage;
		};
		E49422A62B265055000CBB11 /* FirebaseStorageCombine-Community */ = {
			isa = XCSwiftPackageProductDependency;
			package = E49422712B265055000CBB11 /* XCRemoteSwiftPackageReference "firebase-ios-sdk" */;
			productName = "FirebaseStorageCombine-Community";
		};
/* End XCSwiftPackageProductDependency section */
	};
	rootObject = E473AFF22B0EAEAF00ED886E /* Project object */;
}
